{
  "name": "@org/source",
  "lockfileVersion": 3,
  "requires": true,
  "packages": {
    "": { "name": "@org/source", "workspaces": ["libs/pkg", "libs/plain"], "dependencies": { "chalk": "4", "lodash": "4" } },
    "libs/pkg": { "name": "@org/pkg", "version": "0.0.0", "dependencies": { "left-pad": "1" } },
    "libs/plain": { "name": "@org/plain", "version": "1.0.0" },
    "node_modules/@org/pkg": { "resolved": "libs/pkg", "link": true },
    "node_modules/@org/plain": { "resolved": "libs/plain", "link": true },
    "node_modules/chalk": { "version": "4.1.2", "resolved": "https://registry.npmjs.org/chalk/-/chalk-4.1.2.tgz", "integrity": "sha512-oKnbhFyRIXpUuez8iBMmyEa4nbj4IOQyuhc/wy9kY7/WVPcwIO9VA668Pu8RkO7+0G76SLROeyw9CpQ061i4mA==" },
    "node_modules/left-pad": { "version": "1.3.0", "resolved": "https://registry.npmjs.org/left-pad/-/left-pad-1.3.0.tgz", "integrity": "sha512-XI5MPzVNApjAyhQzphX8BkmKsKUxD4LdyK24iZeQEBAvQzLZgNzhyl3v/UObvTS8ZgYBrN4Zfr5wuOvZ62cWA==" },
    "node_modules/lodash": { "version": "4.17.21", "resolved": "https://registry.npmjs.org/lodash/-/lodash-4.17.21.tgz", "integrity": "sha512-v2kDEe57lecTulaDIuNTPy3Ry4gLGJ6Z1O3vE1krgXZNrsQ+LFTGHVxVjcXPs17LhbZVGedAJv8XZ1tvj5FvSg==" }
  }
}
